
Microsoft Visual Studio Solution File, Format Version 12.00
# Visual Studio Version 17
VisualStudioVersion = 17.5.002.0
MinimumVisualStudioVersion = 10.0.40219.1
Project("{9A19103F-16F7-4668-BE54-9A1E7A4F7556}") = "database_connection", "database_connection\database_connection.csproj", "{B54E4D32-572D-4F1B-8D51-9DBA34D1C99D}"
EndProject
Global
	GlobalSection(SolutionConfigurationPlatforms) = preSolution
		Debug|Any CPU = Debug|Any CPU
		Release|Any CPU = Release|Any CPU
	EndGlobalSection
	GlobalSection(ProjectConfigurationPlatforms) = postSolution
		{B54E4D32-572D-4F1B-8D51-9DBA34D1C99D}.Debug|Any CPU.ActiveCfg = Debug|Any CPU
		{B54E4D32-572D-4F1B-8D51-9DBA34D1C99D}.Debug|Any CPU.Build.0 = Debug|Any CPU
		{B54E4D32-572D-4F1B-8D51-9DBA34D1C99D}.Release|Any CPU.ActiveCfg = Release|Any CPU
		{B54E4D32-572D-4F1B-8D51-9DBA34D1C99D}.Release|Any CPU.Build.0 = Release|Any CPU
	EndGlobalSection
	GlobalSection(SolutionProperties) = preSolution
		HideSolutionNode = FALSE
	EndGlobalSection
	GlobalSection(ExtensibilityGlobals) = postSolution
		SolutionGuid = {19241B64-3150-43DF-BCF2-52F3114A2313}
	EndGlobalSection
EndGlobal
